{
  "requires": true,
  "lockfileVersion": 1,
  "dependencies": {
    "bootstrap": {
      "version": "4.6.1",
      "resolved": "https://registry.npmjs.org/bootstrap/-/bootstrap-4.6.1.tgz",
      "integrity": "sha512-0dj+VgI9Ecom+rvvpNZ4MUZJz8dcX7WCX+eTID9+/8HgOkv3dsRzi8BGeZJCQU6flWQVYxwTQnEZFrmJSEO7og=="
    },
    "cookie-consent-tools": {
      "version": "0.1.4",
      "resolved": "https://registry.npmjs.org/cookie-consent-tools/-/cookie-consent-tools-0.1.4.tgz",
      "integrity": "sha512-vjqpArGEEjBfqYt1nG3Y7NMxtC8SMo9z2+SjT/SvNQxWRk0NprvJ7axkLvO0tJn0mKs0cH7yNvfagAhvGrwBkw==",
      "requires": {
        "js-cookie": "^3.0.1"
      }
    },
    "js-cookie": {
      "version": "3.0.1",
      "resolved": "https://registry.npmjs.org/js-cookie/-/js-cookie-3.0.1.tgz",
      "integrity": "sha512-+0rgsUXZu4ncpPxRL+lNEptWMOWl9etvPHc/koSRp6MPwpRYAhmk0dUG00J4bxVV3r9uUzfo24wW0knS07SKSw=="
    }
  }
}
